
Microsoft Visual Studio Solution File, Format Version 12.00
# Visual Studio 15
VisualStudioVersion = 15.0.28307.572
MinimumVisualStudioVersion = 10.0.40219.1
Project("{FAE04EC0-301F-11D3-BF4B-00C04F79EFBC}") = "Translate", "Translate\Translate.csproj", "{B1F69E11-6CB8-4C36-8168-D959D5104074}"
EndProject
Global
	GlobalSection(SolutionConfigurationPlatforms) = preSolution
		Debug|Any CPU = Debug|Any CPU
		Release|Any CPU = Release|Any CPU
	EndGlobalSection
	GlobalSection(ProjectConfigurationPlatforms) = postSolution
		{B1F69E11-6CB8-4C36-8168-D959D5104074}.Debug|Any CPU.ActiveCfg = Debug|Any CPU
		{B1F69E11-6CB8-4C36-8168-D959D5104074}.Debug|Any CPU.Build.0 = Debug|Any CPU
		{B1F69E11-6CB8-4C36-8168-D959D5104074}.Release|Any CPU.ActiveCfg = Release|Any CPU
		{B1F69E11-6CB8-4C36-8168-D959D5104074}.Release|Any CPU.Build.0 = Release|Any CPU
	EndGlobalSection
	GlobalSection(SolutionProperties) = preSolution
		HideSolutionNode = FALSE
	EndGlobalSection
	GlobalSection(ExtensibilityGlobals) = postSolution
		SolutionGuid = {C74A96C8-548E-4013-9703-12D08FE9F424}
	EndGlobalSection
EndGlobal
